
Microsoft Visual Studio Solution File, Format Version 11.00
# Visual Studio 2010
Project("{FAE04EC0-301F-11D3-BF4B-00C04F79EFBC}") = "WebUI", "WebUI\WebUI.csproj", "{A66E7D8F-45BA-4291-98FE-AF0C3602AEEB}"
EndProject
Project("{FAE04EC0-301F-11D3-BF4B-00C04F79EFBC}") = "Domain", "Domain\Domain.csproj", "{5C16C32A-ABE8-4DAE-81A9-6CFC5EA911FA}"
EndProject
Project("{FAE04EC0-301F-11D3-BF4B-00C04F79EFBC}") = "Repository", "Repository\Repository.csproj", "{820B2FF5-BC9E-427A-BA88-1F2CAAEACE82}"
EndProject
Project("{FAE04EC0-301F-11D3-BF4B-00C04F79EFBC}") = "Base", "Base\Base.csproj", "{020E159B-F916-4808-B081-640C37D3226E}"
EndProject
Global
	GlobalSection(SolutionConfigurationPlatforms) = preSolution
		Debug|Any CPU = Debug|Any CPU
		Release|Any CPU = Release|Any CPU
	EndGlobalSection
	GlobalSection(ProjectConfigurationPlatforms) = postSolution
		{A66E7D8F-45BA-4291-98FE-AF0C3602AEEB}.Debug|Any CPU.ActiveCfg = Debug|Any CPU
		{A66E7D8F-45BA-4291-98FE-AF0C3602AEEB}.Debug|Any CPU.Build.0 = Debug|Any CPU
		{A66E7D8F-45BA-4291-98FE-AF0C3602AEEB}.Release|Any CPU.ActiveCfg = Release|Any CPU
		{A66E7D8F-45BA-4291-98FE-AF0C3602AEEB}.Release|Any CPU.Build.0 = Release|Any CPU
		{5C16C32A-ABE8-4DAE-81A9-6CFC5EA911FA}.Debug|Any CPU.ActiveCfg = Debug|Any CPU
		{5C16C32A-ABE8-4DAE-81A9-6CFC5EA911FA}.Debug|Any CPU.Build.0 = Debug|Any CPU
		{5C16C32A-ABE8-4DAE-81A9-6CFC5EA911FA}.Release|Any CPU.ActiveCfg = Release|Any CPU
		{5C16C32A-ABE8-4DAE-81A9-6CFC5EA911FA}.Release|Any CPU.Build.0 = Release|Any CPU
		{820B2FF5-BC9E-427A-BA88-1F2CAAEACE82}.Debug|Any CPU.ActiveCfg = Debug|Any CPU
		{820B2FF5-BC9E-427A-BA88-1F2CAAEACE82}.Debug|Any CPU.Build.0 = Debug|Any CPU
		{820B2FF5-BC9E-427A-BA88-1F2CAAEACE82}.Release|Any CPU.ActiveCfg = Release|Any CPU
		{820B2FF5-BC9E-427A-BA88-1F2CAAEACE82}.Release|Any CPU.Build.0 = Release|Any CPU
		{020E159B-F916-4808-B081-640C37D3226E}.Debug|Any CPU.ActiveCfg = Debug|Any CPU
		{020E159B-F916-4808-B081-640C37D3226E}.Debug|Any CPU.Build.0 = Debug|Any CPU
		{020E159B-F916-4808-B081-640C37D3226E}.Release|Any CPU.ActiveCfg = Release|Any CPU
		{020E159B-F916-4808-B081-640C37D3226E}.Release|Any CPU.Build.0 = Release|Any CPU
	EndGlobalSection
	GlobalSection(SolutionProperties) = preSolution
		HideSolutionNode = FALSE
	EndGlobalSection
EndGlobal
